// !$*UTF8*$!
{
	archiveVersion = 1;
	classes = {
	};
	objectVersion = 56;
	objects = {

/* Begin PBXBuildFile section */
		C929CB872BE5B5D6002BE62D /* UniversalLinkDemoApp.swift in Sources */ = {isa = PBXBuildFile; fileRef = C929CB862BE5B5D6002BE62D /* UniversalLinkDemoApp.swift */; };
		C929CB892BE5B5D6002BE62D /* HomeView.swift in Sources */ = {isa = PBXBuildFile; fileRef = C929CB882BE5B5D6002BE62D /* HomeView.swift */; };
		C929CB8B2BE5B5D7002BE62D /* Assets.xcassets in Resources */ = {isa = PBXBuildFile; fileRef = C929CB8A2BE5B5D7002BE62D /* Assets.xcassets */; };
		C929CB8E2BE5B5D7002BE62D /* Preview Assets.xcassets in Resources */ = {isa = PBXBuildFile; fileRef = C929CB8D2BE5B5D7002BE62D /* Preview Assets.xcassets */; };
		C929CB972BE5B98D002BE62D /* UniversalLinkHandler.swift in Sources */ = {isa = PBXBuildFile; fileRef = C929CB962BE5B98D002BE62D /* UniversalLinkHandler.swift */; };
		C929CB992BE5BA29002BE62D /* UserView.swift in Sources */ = {isa = PBXBuildFile; fileRef = C929CB982BE5BA29002BE62D /* UserView.swift */; };
/* End PBXBuildFile section */

/* Begin PBXFileReference section */
		C929CB832BE5B5D6002BE62D /* UniversalLinkDemo.app */ = {isa = PBXFileReference; explicitFileType = wrapper.application; includeInIndex = 0; path = UniversalLinkDemo.app; sourceTree = BUILT_PRODUCTS_DIR; };
		C929CB862BE5B5D6002BE62D /* UniversalLinkDemoApp.swift */ = {isa = PBXFileReference; lastKnownFileType = sourcecode.swift; path = UniversalLinkDemoApp.swift; sourceTree = "<group>"; };
		C929CB882BE5B5D6002BE62D /* HomeView.swift */ = {isa = PBXFileReference; lastKnownFileType = sourcecode.swift; path = HomeView.swift; sourceTree = "<group>"; };
		C929CB8A2BE5B5D7002BE62D /* Assets.xcassets */ = {isa = PBXFileReference; lastKnownFileType = folder.assetcatalog; path = Assets.xcassets; sourceTree = "<group>"; };
		C929CB8D2BE5B5D7002BE62D /* Preview Assets.xcassets */ = {isa = PBXFileReference; lastKnownFileType = folder.assetcatalog; path = "Preview Assets.xcassets"; sourceTree = "<group>"; };
		C929CB962BE5B98D002BE62D /* UniversalLinkHandler.swift */ = {isa = PBXFileReference; lastKnownFileType = sourcecode.swift; path = UniversalLinkHandler.swift; sourceTree = "<group>"; };
		C929CB982BE5BA29002BE62D /* UserView.swift */ = {isa = PBXFileReference; lastKnownFileType = sourcecode.swift; path = UserView.swift; sourceTree = "<group>"; };
		C929CB9A2BE5BDAC002BE62D /* UniversalLinkDemo.entitlements */ = {isa = PBXFileReference; lastKnownFileType = text.plist.entitlements; path = UniversalLinkDemo.entitlements; sourceTree = "<group>"; };
/* End PBXFileReference section */

/* Begin PBXFrameworksBuildPhase section */
		C929CB802BE5B5D6002BE62D /* Frameworks */ = {
			isa = PBXFrameworksBuildPhase;
			buildActionMask = 2147483647;
			files = (
			);
			runOnlyForDeploymentPostprocessing = 0;
		};
/* End PBXFrameworksBuildPhase section */

/* Begin PBXGroup section */
		C929CB7A2BE5B5D6002BE62D = {
			isa = PBXGroup;
			children = (
				C929CB852BE5B5D6002BE62D /* UniversalLinkDemo */,
				C929CB842BE5B5D6002BE62D /* Products */,
			);
			sourceTree = "<group>";
		};
		C929CB842BE5B5D6002BE62D /* Products */ = {
			isa = PBXGroup;
			children = (
				C929CB832BE5B5D6002BE62D /* UniversalLinkDemo.app */,
			);
			name = Products;
			sourceTree = "<group>";
		};
		C929CB852BE5B5D6002BE62D /* UniversalLinkDemo */ = {
			isa = PBXGroup;
			children = (
				C929CB9A2BE5BDAC002BE62D /* UniversalLinkDemo.entitlements */,
				C929CB862BE5B5D6002BE62D /* UniversalLinkDemoApp.swift */,
				C929CB942BE5B96F002BE62D /* Views */,
				C929CB952BE5B975002BE62D /* Handlers */,
				C929CB8A2BE5B5D7002BE62D /* Assets.xcassets */,
				C929CB8C2BE5B5D7002BE62D /* Preview Content */,
			);
			path = UniversalLinkDemo;
			sourceTree = "<group>";
		};
		C929CB8C2BE5B5D7002BE62D /* Preview Content */ = {
			isa = PBXGroup;
			children = (
				C929CB8D2BE5B5D7002BE62D /* Preview Assets.xcassets */,
			);
			path = "Preview Content";
			sourceTree = "<group>";
		};
		C929CB942BE5B96F002BE62D /* Views */ = {
			isa = PBXGroup;
			children = (
				C929CB882BE5B5D6002BE62D /* HomeView.swift */,
				C929CB982BE5BA29002BE62D /* UserView.swift */,
			);
			path = Views;
			sourceTree = "<group>";
		};
		C929CB952BE5B975002BE62D /* Handlers */ = {
			isa = PBXGroup;
			children = (
				C929CB962BE5B98D002BE62D /* UniversalLinkHandler.swift */,
			);
			path = Handlers;
			sourceTree = "<group>";
		};
/* End PBXGroup section */

/* Begin PBXNativeTarget section */
		C929CB822BE5B5D6002BE62D /* UniversalLinkDemo */ = {
			isa = PBXNativeTarget;
			buildConfigurationList = C929CB912BE5B5D7002BE62D /* Build configuration list for PBXNativeTarget "UniversalLinkDemo" */;
			buildPhases = (
				C929CB7F2BE5B5D6002BE62D /* Sources */,
				C929CB802BE5B5D6002BE62D /* Frameworks */,
				C929CB812BE5B5D6002BE62D /* Resources */,
			);
			buildRules = (
			);
			dependencies = (
			);
			name = UniversalLinkDemo;
			productName = UniversalLinkDemo;
			productReference = C929CB832BE5B5D6002BE62D /* UniversalLinkDemo.app */;
			productType = "com.apple.product-type.application";
		};
/* End PBXNativeTarget section */

/* Begin PBXProject section */
		C929CB7B2BE5B5D6002BE62D /* Project object */ = {
			isa = PBXProject;
			attributes = {
				BuildIndependentTargetsInParallel = 1;
				LastSwiftUpdateCheck = 1530;
				LastUpgradeCheck = 1530;
				TargetAttributes = {
					C929CB822BE5B5D6002BE62D = {
						CreatedOnToolsVersion = 15.3;
					};
				};
			};
			buildConfigurationList = C929CB7E2BE5B5D6002BE62D /* Build configuration list for PBXProject "UniversalLinkDemo" */;
			compatibilityVersion = "Xcode 14.0";
			developmentRegion = en;
			hasScannedForEncodings = 0;
			knownRegions = (
				en,
				Base,
			);
			mainGroup = C929CB7A2BE5B5D6002BE62D;
			productRefGroup = C929CB842BE5B5D6002BE62D /* Products */;
			projectDirPath = "";
			projectRoot = "";
			targets = (
				C929CB822BE5B5D6002BE62D /* UniversalLinkDemo */,
			);
		};
/* End PBXProject section */

/* Begin PBXResourcesBuildPhase section */
		C929CB812BE5B5D6002BE62D /* Resources */ = {
			isa = PBXResourcesBuildPhase;
			buildActionMask = 2147483647;
			files = (
				C929CB8E2BE5B5D7002BE62D /* Preview Assets.xcassets in Resources */,
				C929CB8B2BE5B5D7002BE62D /* Assets.xcassets in Resources */,
			);
			runOnlyForDeploymentPostprocessing = 0;
		};
/* End PBXResourcesBuildPhase section */

/* Begin PBXSourcesBuildPhase section */
		C929CB7F2BE5B5D6002BE62D /* Sources */ = {
			isa = PBXSourcesBuildPhase;
			buildActionMask = 2147483647;
			files = (
				C929CB892BE5B5D6002BE62D /* HomeView.swift in Sources */,
				C929CB872BE5B5D6002BE62D /* UniversalLinkDemoApp.swift in Sources */,
				C929CB972BE5B98D002BE62D /* UniversalLinkHandler.swift in Sources */,
				C929CB992BE5BA29002BE62D /* UserView.swift in Sources */,
			);
			runOnlyForDeploymentPostprocessing = 0;
		};
/* End PBXSourcesBuildPhase section */

/* Begin XCBuildConfiguration section */
		C929CB8F2BE5B5D7002BE62D /* Debug */ = {
			isa = XCBuildConfiguration;
			buildSettings = {
				ALWAYS_SEARCH_USER_PATHS = NO;
				ASSETCATALOG_COMPILER_GENERATE_SWIFT_ASSET_SYMBOL_EXTENSIONS = YES;
				CLANG_ANALYZER_NONNULL = YES;
				CLANG_ANALYZER_NUMBER_OBJECT_CONVERSION = YES_AGGRESSIVE;
				CLANG_CXX_LANGUAGE_STANDARD = "gnu++20";
				CLANG_ENABLE_MODULES = YES;
				CLANG_ENABLE_OBJC_ARC = YES;
				CLANG_ENABLE_OBJC_WEAK = YES;
				CLANG_WARN_BLOCK_CAPTURE_AUTORELEASING = YES;
				CLANG_WARN_BOOL_CONVERSION = YES;
				CLANG_WARN_COMMA = YES;
				CLANG_WARN_CONSTANT_CONVERSION = YES;
				CLANG_WARN_DEPRECATED_OBJC_IMPLEMENTATIONS = YES;
				CLANG_WARN_DIRECT_OBJC_ISA_USAGE = YES_ERROR;
				CLANG_WARN_DOCUMENTATION_COMMENTS = YES;
				CLANG_WARN_EMPTY_BODY = YES;
				CLANG_WARN_ENUM_CONVERSION = YES;
				CLANG_WARN_INFINITE_RECURSION = YES;
				CLANG_WARN_INT_CONVERSION = YES;
				CLANG_WARN_NON_LITERAL_NULL_CONVERSION = YES;
				CLANG_WARN_OBJC_IMPLICIT_RETAIN_SELF = YES;
				CLANG_WARN_OBJC_LITERAL_CONVERSION = YES;
				CLANG_WARN_OBJC_ROOT_CLASS = YES_ERROR;
				CLANG_WARN_QUOTED_INCLUDE_IN_FRAMEWORK_HEADER = YES;
				CLANG_WARN_RANGE_LOOP_ANALYSIS = YES;
				CLANG_WARN_STRICT_PROTOTYPES = YES;
				CLANG_WARN_SUSPICIOUS_MOVE = YES;
				CLANG_WARN_UNGUARDED_AVAILABILITY = YES_AGGRESSIVE;
				CLANG_WARN_UNREACHABLE_CODE = YES;
				CLANG_WARN__DUPLICATE_METHOD_MATCH = YES;
				COPY_PHASE_STRIP = NO;
				DEBUG_INFORMATION_FORMAT = dwarf;
				ENABLE_STRICT_OBJC_MSGSEND = YES;
				ENABLE_TESTABILITY = YES;
				ENABLE_USER_SCRIPT_SANDBOXING = YES;
				GCC_C_LANGUAGE_STANDARD = gnu17;
				GCC_DYNAMIC_NO_PIC = NO;
				GCC_NO_COMMON_BLOCKS = YES;
				GCC_OPTIMIZATION_LEVEL = 0;
				GCC_PREPROCESSOR_DEFINITIONS = (
					"DEBUG=1",
					"$(inherited)",
				);
				GCC_WARN_64_TO_32_BIT_CONVERSION = YES;
				GCC_WARN_ABOUT_RETURN_TYPE = YES_ERROR;
				GCC_WARN_UNDECLARED_SELECTOR = YES;
				GCC_WARN_UNINITIALIZED_AUTOS = YES_AGGRESSIVE;
				GCC_WARN_UNUSED_FUNCTION = YES;
				GCC_WARN_UNUSED_VARIABLE = YES;
				IPHONEOS_DEPLOYMENT_TARGET = 17.4;
				LOCALIZATION_PREFERS_STRING_CATALOGS = YES;
				MTL_ENABLE_DEBUG_INFO = INCLUDE_SOURCE;
				MTL_FAST_MATH = YES;
				ONLY_ACTIVE_ARCH = YES;
				SDKROOT = iphoneos;
				SWIFT_ACTIVE_COMPILATION_CONDITIONS = "DEBUG $(inherited)";
				SWIFT_OPTIMIZATION_LEVEL = "-Onone";
			};
			name = Debug;
		};
		C929CB902BE5B5D7002BE62D /* Release */ = {
			isa = XCBuildConfiguration;
			buildSettings = {
				ALWAYS_SEARCH_USER_PATHS = NO;
				ASSETCATALOG_COMPILER_GENERATE_SWIFT_ASSET_SYMBOL_EXTENSIONS = YES;
				CLANG_ANALYZER_NONNULL = YES;
				CLANG_ANALYZER_NUMBER_OBJECT_CONVERSION = YES_AGGRESSIVE;
				CLANG_CXX_LANGUAGE_STANDARD = "gnu++20";
				CLANG_ENABLE_MODULES = YES;
				CLANG_ENABLE_OBJC_ARC = YES;
				CLANG_ENABLE_OBJC_WEAK = YES;
				CLANG_WARN_BLOCK_CAPTURE_AUTORELEASING = YES;
				CLANG_WARN_BOOL_CONVERSION = YES;
				CLANG_WARN_COMMA = YES;
				CLANG_WARN_CONSTANT_CONVERSION = YES;
				CLANG_WARN_DEPRECATED_OBJC_IMPLEMENTATIONS = YES;
				CLANG_WARN_DIRECT_OBJC_ISA_USAGE = YES_ERROR;
				CLANG_WARN_DOCUMENTATION_COMMENTS = YES;
				CLANG_WARN_EMPTY_BODY = YES;
				CLANG_WARN_ENUM_CONVERSION = YES;
				CLANG_WARN_INFINITE_RECURSION = YES;
				CLANG_WARN_INT_CONVERSION = YES;
				CLANG_WARN_NON_LITERAL_NULL_CONVERSION = YES;
				CLANG_WARN_OBJC_IMPLICIT_RETAIN_SELF = YES;
				CLANG_WARN_OBJC_LITERAL_CONVERSION = YES;
				CLANG_WARN_OBJC_ROOT_CLASS = YES_ERROR;
				CLANG_WARN_QUOTED_INCLUDE_IN_FRAMEWORK_HEADER = YES;
				CLANG_WARN_RANGE_LOOP_ANALYSIS = YES;
				CLANG_WARN_STRICT_PROTOTYPES = YES;
				CLANG_WARN_SUSPICIOUS_MOVE = YES;
				CLANG_WARN_UNGUARDED_AVAILABILITY = YES_AGGRESSIVE;
				CLANG_WARN_UNREACHABLE_CODE = YES;
				CLANG_WARN__DUPLICATE_METHOD_MATCH = YES;
				COPY_PHASE_STRIP = NO;
				DEBUG_INFORMATION_FORMAT = "dwarf-with-dsym";
				ENABLE_NS_ASSERTIONS = NO;
				ENABLE_STRICT_OBJC_MSGSEND = YES;
				ENABLE_USER_SCRIPT_SANDBOXING = YES;
				GCC_C_LANGUAGE_STANDARD = gnu17;
				GCC_NO_COMMON_BLOCKS = YES;
				GCC_WARN_64_TO_32_BIT_CONVERSION = YES;
				GCC_WARN_ABOUT_RETURN_TYPE = YES_ERROR;
				GCC_WARN_UNDECLARED_SELECTOR = YES;
				GCC_WARN_UNINITIALIZED_AUTOS = YES_AGGRESSIVE;
				GCC_WARN_UNUSED_FUNCTION = YES;
				GCC_WARN_UNUSED_VARIABLE = YES;
				IPHONEOS_DEPLOYMENT_TARGET = 17.4;
				LOCALIZATION_PREFERS_STRING_CATALOGS = YES;
				MTL_ENABLE_DEBUG_INFO = NO;
				MTL_FAST_MATH = YES;
				SDKROOT = iphoneos;
				SWIFT_COMPILATION_MODE = wholemodule;
				VALIDATE_PRODUCT = YES;
			};
			name = Release;
		};
		C929CB922BE5B5D7002BE62D /* Debug */ = {
			isa = XCBuildConfiguration;
			buildSettings = {
				ASSETCATALOG_COMPILER_APPICON_NAME = AppIcon;
				ASSETCATALOG_COMPILER_GLOBAL_ACCENT_COLOR_NAME = AccentColor;
				CODE_SIGN_ENTITLEMENTS = UniversalLinkDemo/UniversalLinkDemo.entitlements;
				CODE_SIGN_STYLE = Automatic;
				CURRENT_PROJECT_VERSION = 1;
				DEVELOPMENT_ASSET_PATHS = "\"UniversalLinkDemo/Preview Content\"";
				DEVELOPMENT_TEAM = GL92Z9YQ73;
				ENABLE_PREVIEWS = YES;
				GENERATE_INFOPLIST_FILE = YES;
				INFOPLIST_KEY_UIApplicationSceneManifest_Generation = YES;
				INFOPLIST_KEY_UIApplicationSupportsIndirectInputEvents = YES;
				INFOPLIST_KEY_UILaunchScreen_Generation = YES;
				INFOPLIST_KEY_UISupportedInterfaceOrientations_iPad = "UIInterfaceOrientationPortrait UIInterfaceOrientationPortraitUpsideDown UIInterfaceOrientationLandscapeLeft UIInterfaceOrientationLandscapeRight";
				INFOPLIST_KEY_UISupportedInterfaceOrientations_iPhone = "UIInterfaceOrientationPortrait UIInterfaceOrientationLandscapeLeft UIInterfaceOrientationLandscapeRight";
				LD_RUNPATH_SEARCH_PATHS = (
					"$(inherited)",
					"@executable_path/Frameworks",
				);
				MARKETING_VERSION = 1.0;
				PRODUCT_BUNDLE_IDENTIFIER = com.MattHeaney.UniversalLinkDemo;
				PRODUCT_NAME = "$(TARGET_NAME)";
				SWIFT_EMIT_LOC_STRINGS = YES;
				SWIFT_VERSION = 5.0;
				TARGETED_DEVICE_FAMILY = "1,2";
			};
			name = Debug;
		};
		C929CB932BE5B5D7002BE62D /* Release */ = {
			isa = XCBuildConfiguration;
			buildSettings = {
				ASSETCATALOG_COMPILER_APPICON_NAME = AppIcon;
				ASSETCATALOG_COMPILER_GLOBAL_ACCENT_COLOR_NAME = AccentColor;
				CODE_SIGN_ENTITLEMENTS = UniversalLinkDemo/UniversalLinkDemo.entitlements;
				CODE_SIGN_STYLE = Automatic;
				CURRENT_PROJECT_VERSION = 1;
				DEVELOPMENT_ASSET_PATHS = "\"UniversalLinkDemo/Preview Content\"";
				DEVELOPMENT_TEAM = GL92Z9YQ73;
				ENABLE_PREVIEWS = YES;
				GENERATE_INFOPLIST_FILE = YES;
				INFOPLIST_KEY_UIApplicationSceneManifest_Generation = YES;
				INFOPLIST_KEY_UIApplicationSupportsIndirectInputEvents = YES;
				INFOPLIST_KEY_UILaunchScreen_Generation = YES;
				INFOPLIST_KEY_UISupportedInterfaceOrientations_iPad = "UIInterfaceOrientationPortrait UIInterfaceOrientationPortraitUpsideDown UIInterfaceOrientationLandscapeLeft UIInterfaceOrientationLandscapeRight";
				INFOPLIST_KEY_UISupportedInterfaceOrientations_iPhone = "UIInterfaceOrientationPortrait UIInterfaceOrientationLandscapeLeft UIInterfaceOrientationLandscapeRight";
				LD_RUNPATH_SEARCH_PATHS = (
					"$(inherited)",
					"@executable_path/Frameworks",
				);
				MARKETING_VERSION = 1.0;
				PRODUCT_BUNDLE_IDENTIFIER = com.MattHeaney.UniversalLinkDemo;
				PRODUCT_NAME = "$(TARGET_NAME)";
				SWIFT_EMIT_LOC_STRINGS = YES;
				SWIFT_VERSION = 5.0;
				TARGETED_DEVICE_FAMILY = "1,2";
			};
			name = Release;
		};
/* End XCBuildConfiguration section */

/* Begin XCConfigurationList section */
		C929CB7E2BE5B5D6002BE62D /* Build configuration list for PBXProject "UniversalLinkDemo" */ = {
			isa = XCConfigurationList;
			buildConfigurations = (
				C929CB8F2BE5B5D7002BE62D /* Debug */,
				C929CB902BE5B5D7002BE62D /* Release */,
			);
			defaultConfigurationIsVisible = 0;
			defaultConfigurationName = Release;
		};
		C929CB912BE5B5D7002BE62D /* Build configuration list for PBXNativeTarget "UniversalLinkDemo" */ = {
			isa = XCConfigurationList;
			buildConfigurations = (
				C929CB922BE5B5D7002BE62D /* Debug */,
				C929CB932BE5B5D7002BE62D /* Release */,
			);
			defaultConfigurationIsVisible = 0;
			defaultConfigurationName = Release;
		};
/* End XCConfigurationList section */
	};
	rootObject = C929CB7B2BE5B5D6002BE62D /* Project object */;
}
